
Microsoft Visual Studio Solution File, Format Version 12.00
# Visual Studio 15
VisualStudioVersion = 15.0.34320.172
MinimumVisualStudioVersion = 10.0.40219.1
Project("{FAE04EC0-301F-11D3-BF4B-00C04F79EFBC}") = "WebApplication1", "WebApplication1\WebApplication1.csproj", "{22E7684C-C5FB-4F2E-8DCB-F5AE4E80D52C}"
EndProject
Project("{FAE04EC0-301F-11D3-BF4B-00C04F79EFBC}") = "BusinessObject", "BusinessObject\BusinessObject.csproj", "{0A895305-F784-47D7-9ABC-C6846318340D}"
EndProject
Project("{FAE04EC0-301F-11D3-BF4B-00C04F79EFBC}") = "BusinessLogic", "BusinessLogic\BusinessLogic.csproj", "{425D2B90-9259-4101-B67D-2F177F366685}"
EndProject
Project("{FAE04EC0-301F-11D3-BF4B-00C04F79EFBC}") = "DataAccess", "DataAccess\DataAccess.csproj", "{A1C10243-1868-420D-BB8A-56E64A5E70D3}"
EndProject
Global
	GlobalSection(SolutionConfigurationPlatforms) = preSolution
		Debug|Any CPU = Debug|Any CPU
		Release|Any CPU = Release|Any CPU
	EndGlobalSection
	GlobalSection(ProjectConfigurationPlatforms) = postSolution
		{22E7684C-C5FB-4F2E-8DCB-F5AE4E80D52C}.Debug|Any CPU.ActiveCfg = Debug|Any CPU
		{22E7684C-C5FB-4F2E-8DCB-F5AE4E80D52C}.Debug|Any CPU.Build.0 = Debug|Any CPU
		{22E7684C-C5FB-4F2E-8DCB-F5AE4E80D52C}.Release|Any CPU.ActiveCfg = Release|Any CPU
		{22E7684C-C5FB-4F2E-8DCB-F5AE4E80D52C}.Release|Any CPU.Build.0 = Release|Any CPU
		{0A895305-F784-47D7-9ABC-C6846318340D}.Debug|Any CPU.ActiveCfg = Debug|Any CPU
		{0A895305-F784-47D7-9ABC-C6846318340D}.Debug|Any CPU.Build.0 = Debug|Any CPU
		{0A895305-F784-47D7-9ABC-C6846318340D}.Release|Any CPU.ActiveCfg = Release|Any CPU
		{0A895305-F784-47D7-9ABC-C6846318340D}.Release|Any CPU.Build.0 = Release|Any CPU
		{425D2B90-9259-4101-B67D-2F177F366685}.Debug|Any CPU.ActiveCfg = Debug|Any CPU
		{425D2B90-9259-4101-B67D-2F177F366685}.Debug|Any CPU.Build.0 = Debug|Any CPU
		{425D2B90-9259-4101-B67D-2F177F366685}.Release|Any CPU.ActiveCfg = Release|Any CPU
		{425D2B90-9259-4101-B67D-2F177F366685}.Release|Any CPU.Build.0 = Release|Any CPU
		{A1C10243-1868-420D-BB8A-56E64A5E70D3}.Debug|Any CPU.ActiveCfg = Debug|Any CPU
		{A1C10243-1868-420D-BB8A-56E64A5E70D3}.Debug|Any CPU.Build.0 = Debug|Any CPU
		{A1C10243-1868-420D-BB8A-56E64A5E70D3}.Release|Any CPU.ActiveCfg = Release|Any CPU
		{A1C10243-1868-420D-BB8A-56E64A5E70D3}.Release|Any CPU.Build.0 = Release|Any CPU
	EndGlobalSection
	GlobalSection(SolutionProperties) = preSolution
		HideSolutionNode = FALSE
	EndGlobalSection
	GlobalSection(ExtensibilityGlobals) = postSolution
		SolutionGuid = {2E066D9A-CE7E-4EDA-84A4-1821CED8CFD2}
	EndGlobalSection
EndGlobal
