
Microsoft Visual Studio Solution File, Format Version 12.00
# Visual Studio 15
VisualStudioVersion = 15.0.34112.143
MinimumVisualStudioVersion = 10.0.40219.1
Project("{FAE04EC0-301F-11D3-BF4B-00C04F79EFBC}") = "WebApplication1", "WebApplication1\WebApplication1.csproj", "{91618A05-808F-4984-AC66-02F40D4C6798}"
EndProject
Global
	GlobalSection(SolutionConfigurationPlatforms) = preSolution
		Debug|Any CPU = Debug|Any CPU
		Release|Any CPU = Release|Any CPU
	EndGlobalSection
	GlobalSection(ProjectConfigurationPlatforms) = postSolution
		{91618A05-808F-4984-AC66-02F40D4C6798}.Debug|Any CPU.ActiveCfg = Debug|Any CPU
		{91618A05-808F-4984-AC66-02F40D4C6798}.Debug|Any CPU.Build.0 = Debug|Any CPU
		{91618A05-808F-4984-AC66-02F40D4C6798}.Release|Any CPU.ActiveCfg = Release|Any CPU
		{91618A05-808F-4984-AC66-02F40D4C6798}.Release|Any CPU.Build.0 = Release|Any CPU
	EndGlobalSection
	GlobalSection(SolutionProperties) = preSolution
		HideSolutionNode = FALSE
	EndGlobalSection
	GlobalSection(ExtensibilityGlobals) = postSolution
		SolutionGuid = {D219D50E-A33A-4655-BBA6-7A1922841856}
	EndGlobalSection
EndGlobal
