
Microsoft Visual Studio Solution File, Format Version 12.00
# Visual Studio 15
VisualStudioVersion = 15.0.34112.143
MinimumVisualStudioVersion = 10.0.40219.1
Project("{FAE04EC0-301F-11D3-BF4B-00C04F79EFBC}") = "Assignment_5", "Assignment_5\Assignment_5.csproj", "{F5F38DFE-7482-4583-BD02-966C4369ADF0}"
EndProject
Global
	GlobalSection(SolutionConfigurationPlatforms) = preSolution
		Debug|Any CPU = Debug|Any CPU
		Release|Any CPU = Release|Any CPU
	EndGlobalSection
	GlobalSection(ProjectConfigurationPlatforms) = postSolution
		{F5F38DFE-7482-4583-BD02-966C4369ADF0}.Debug|Any CPU.ActiveCfg = Debug|Any CPU
		{F5F38DFE-7482-4583-BD02-966C4369ADF0}.Debug|Any CPU.Build.0 = Debug|Any CPU
		{F5F38DFE-7482-4583-BD02-966C4369ADF0}.Release|Any CPU.ActiveCfg = Release|Any CPU
		{F5F38DFE-7482-4583-BD02-966C4369ADF0}.Release|Any CPU.Build.0 = Release|Any CPU
	EndGlobalSection
	GlobalSection(SolutionProperties) = preSolution
		HideSolutionNode = FALSE
	EndGlobalSection
	GlobalSection(ExtensibilityGlobals) = postSolution
		SolutionGuid = {0A6317D4-56FB-4C48-9FBB-41C670A5C9A9}
	EndGlobalSection
EndGlobal
