
Microsoft Visual Studio Solution File, Format Version 12.00
# Visual Studio Version 17
VisualStudioVersion = 17.8.34322.80
MinimumVisualStudioVersion = 10.0.40219.1
Project("{FAE04EC0-301F-11D3-BF4B-00C04F79EFBC}") = "WebApplication1", "WebApplication1.csproj", "{75030A8A-4711-4BD0-8C9F-4E29BEC28CDD}"
EndProject
Global
	GlobalSection(SolutionConfigurationPlatforms) = preSolution
		Debug|Any CPU = Debug|Any CPU
		Release|Any CPU = Release|Any CPU
	EndGlobalSection
	GlobalSection(ProjectConfigurationPlatforms) = postSolution
		{75030A8A-4711-4BD0-8C9F-4E29BEC28CDD}.Debug|Any CPU.ActiveCfg = Debug|Any CPU
		{75030A8A-4711-4BD0-8C9F-4E29BEC28CDD}.Debug|Any CPU.Build.0 = Debug|Any CPU
		{75030A8A-4711-4BD0-8C9F-4E29BEC28CDD}.Release|Any CPU.ActiveCfg = Release|Any CPU
		{75030A8A-4711-4BD0-8C9F-4E29BEC28CDD}.Release|Any CPU.Build.0 = Release|Any CPU
	EndGlobalSection
	GlobalSection(SolutionProperties) = preSolution
		HideSolutionNode = FALSE
	EndGlobalSection
	GlobalSection(ExtensibilityGlobals) = postSolution
		SolutionGuid = {66F705DC-F0A9-4307-8A35-132448EFF929}
	EndGlobalSection
EndGlobal
