
Microsoft Visual Studio Solution File, Format Version 12.00
# Visual Studio 15
VisualStudioVersion = 15.0.34112.143
MinimumVisualStudioVersion = 10.0.40219.1
Project("{FAE04EC0-301F-11D3-BF4B-00C04F79EFBC}") = "WebApplication1", "WebApplication1\WebApplication1.csproj", "{61A98F9C-E96E-4346-998B-AC7418BFF21C}"
EndProject
Global
	GlobalSection(SolutionConfigurationPlatforms) = preSolution
		Debug|Any CPU = Debug|Any CPU
		Release|Any CPU = Release|Any CPU
	EndGlobalSection
	GlobalSection(ProjectConfigurationPlatforms) = postSolution
		{61A98F9C-E96E-4346-998B-AC7418BFF21C}.Debug|Any CPU.ActiveCfg = Debug|Any CPU
		{61A98F9C-E96E-4346-998B-AC7418BFF21C}.Debug|Any CPU.Build.0 = Debug|Any CPU
		{61A98F9C-E96E-4346-998B-AC7418BFF21C}.Release|Any CPU.ActiveCfg = Release|Any CPU
		{61A98F9C-E96E-4346-998B-AC7418BFF21C}.Release|Any CPU.Build.0 = Release|Any CPU
	EndGlobalSection
	GlobalSection(SolutionProperties) = preSolution
		HideSolutionNode = FALSE
	EndGlobalSection
	GlobalSection(ExtensibilityGlobals) = postSolution
		SolutionGuid = {7D796145-41F5-44C2-A78D-B08416554CA9}
	EndGlobalSection
EndGlobal
