
Microsoft Visual Studio Solution File, Format Version 12.00
# Visual Studio Version 17
VisualStudioVersion = 17.8.34330.188
MinimumVisualStudioVersion = 10.0.40219.1
Project("{FAE04EC0-301F-11D3-BF4B-00C04F79EFBC}") = "WebApplication1", "WebApplication1.csproj", "{76BCF9D7-3ABA-4B7E-B5A8-40EE7C7348AB}"
EndProject
Project("{FAE04EC0-301F-11D3-BF4B-00C04F79EFBC}") = "BusinessLogic", "..\BusinessLogic\BusinessLogic.csproj", "{897D958D-99C9-414C-B8AC-5E53E10F6A50}"
EndProject
Project("{FAE04EC0-301F-11D3-BF4B-00C04F79EFBC}") = "BusinessObject", "..\BusinessObject\BusinessObject.csproj", "{C4ED69E2-B273-4581-BB69-E090A114E2BB}"
EndProject
Project("{FAE04EC0-301F-11D3-BF4B-00C04F79EFBC}") = "DataAccess", "..\DataAccess\DataAccess.csproj", "{272E738A-9B34-4044-A15C-460EC14162E2}"
EndProject
Global
	GlobalSection(SolutionConfigurationPlatforms) = preSolution
		Debug|Any CPU = Debug|Any CPU
		Release|Any CPU = Release|Any CPU
	EndGlobalSection
	GlobalSection(ProjectConfigurationPlatforms) = postSolution
		{76BCF9D7-3ABA-4B7E-B5A8-40EE7C7348AB}.Debug|Any CPU.ActiveCfg = Debug|Any CPU
		{76BCF9D7-3ABA-4B7E-B5A8-40EE7C7348AB}.Debug|Any CPU.Build.0 = Debug|Any CPU
		{76BCF9D7-3ABA-4B7E-B5A8-40EE7C7348AB}.Release|Any CPU.ActiveCfg = Release|Any CPU
		{76BCF9D7-3ABA-4B7E-B5A8-40EE7C7348AB}.Release|Any CPU.Build.0 = Release|Any CPU
		{897D958D-99C9-414C-B8AC-5E53E10F6A50}.Debug|Any CPU.ActiveCfg = Debug|Any CPU
		{897D958D-99C9-414C-B8AC-5E53E10F6A50}.Debug|Any CPU.Build.0 = Debug|Any CPU
		{897D958D-99C9-414C-B8AC-5E53E10F6A50}.Release|Any CPU.ActiveCfg = Release|Any CPU
		{897D958D-99C9-414C-B8AC-5E53E10F6A50}.Release|Any CPU.Build.0 = Release|Any CPU
		{C4ED69E2-B273-4581-BB69-E090A114E2BB}.Debug|Any CPU.ActiveCfg = Debug|Any CPU
		{C4ED69E2-B273-4581-BB69-E090A114E2BB}.Debug|Any CPU.Build.0 = Debug|Any CPU
		{C4ED69E2-B273-4581-BB69-E090A114E2BB}.Release|Any CPU.ActiveCfg = Release|Any CPU
		{C4ED69E2-B273-4581-BB69-E090A114E2BB}.Release|Any CPU.Build.0 = Release|Any CPU
		{272E738A-9B34-4044-A15C-460EC14162E2}.Debug|Any CPU.ActiveCfg = Debug|Any CPU
		{272E738A-9B34-4044-A15C-460EC14162E2}.Debug|Any CPU.Build.0 = Debug|Any CPU
		{272E738A-9B34-4044-A15C-460EC14162E2}.Release|Any CPU.ActiveCfg = Release|Any CPU
		{272E738A-9B34-4044-A15C-460EC14162E2}.Release|Any CPU.Build.0 = Release|Any CPU
	EndGlobalSection
	GlobalSection(SolutionProperties) = preSolution
		HideSolutionNode = FALSE
	EndGlobalSection
	GlobalSection(ExtensibilityGlobals) = postSolution
		SolutionGuid = {6332C37E-111B-400E-954E-BBB471991119}
	EndGlobalSection
EndGlobal
