
Microsoft Visual Studio Solution File, Format Version 12.00
# Visual Studio 15
VisualStudioVersion = 15.0.34112.143
MinimumVisualStudioVersion = 10.0.40219.1
Project("{FAE04EC0-301F-11D3-BF4B-00C04F79EFBC}") = "WebApplication1", "WebApplication1\WebApplication1.csproj", "{3FF4C229-9293-4F5A-B5A5-CB332059B8FA}"
EndProject
Global
	GlobalSection(SolutionConfigurationPlatforms) = preSolution
		Debug|Any CPU = Debug|Any CPU
		Release|Any CPU = Release|Any CPU
	EndGlobalSection
	GlobalSection(ProjectConfigurationPlatforms) = postSolution
		{3FF4C229-9293-4F5A-B5A5-CB332059B8FA}.Debug|Any CPU.ActiveCfg = Debug|Any CPU
		{3FF4C229-9293-4F5A-B5A5-CB332059B8FA}.Debug|Any CPU.Build.0 = Debug|Any CPU
		{3FF4C229-9293-4F5A-B5A5-CB332059B8FA}.Release|Any CPU.ActiveCfg = Release|Any CPU
		{3FF4C229-9293-4F5A-B5A5-CB332059B8FA}.Release|Any CPU.Build.0 = Release|Any CPU
	EndGlobalSection
	GlobalSection(SolutionProperties) = preSolution
		HideSolutionNode = FALSE
	EndGlobalSection
	GlobalSection(ExtensibilityGlobals) = postSolution
		SolutionGuid = {06AB2DD1-D385-4EA5-BB45-2485AF3B06B3}
	EndGlobalSection
EndGlobal
