
Microsoft Visual Studio Solution File, Format Version 12.00
# Visual Studio Version 17
VisualStudioVersion = 17.9.34607.119
MinimumVisualStudioVersion = 10.0.40219.1
Project("{FAE04EC0-301F-11D3-BF4B-00C04F79EFBC}") = "WebApplication1", "WebApplication1.csproj", "{8B7ABF2D-8B8D-4716-9394-54E1F12AB877}"
EndProject
Global
	GlobalSection(SolutionConfigurationPlatforms) = preSolution
		Debug|Any CPU = Debug|Any CPU
		Release|Any CPU = Release|Any CPU
	EndGlobalSection
	GlobalSection(ProjectConfigurationPlatforms) = postSolution
		{8B7ABF2D-8B8D-4716-9394-54E1F12AB877}.Debug|Any CPU.ActiveCfg = Debug|Any CPU
		{8B7ABF2D-8B8D-4716-9394-54E1F12AB877}.Debug|Any CPU.Build.0 = Debug|Any CPU
		{8B7ABF2D-8B8D-4716-9394-54E1F12AB877}.Release|Any CPU.ActiveCfg = Release|Any CPU
		{8B7ABF2D-8B8D-4716-9394-54E1F12AB877}.Release|Any CPU.Build.0 = Release|Any CPU
	EndGlobalSection
	GlobalSection(SolutionProperties) = preSolution
		HideSolutionNode = FALSE
	EndGlobalSection
	GlobalSection(ExtensibilityGlobals) = postSolution
		SolutionGuid = {16414CAD-2AD7-423E-971D-5802B3C3C079}
	EndGlobalSection
EndGlobal
