
Microsoft Visual Studio Solution File, Format Version 12.00
# Visual Studio 15
VisualStudioVersion = 15.0.34112.143
MinimumVisualStudioVersion = 10.0.40219.1
Project("{FAE04EC0-301F-11D3-BF4B-00C04F79EFBC}") = "WebApplication1", "WebApplication1\WebApplication1.csproj", "{1D8545EA-DE57-4198-AA0C-C76332175F56}"
EndProject
Global
	GlobalSection(SolutionConfigurationPlatforms) = preSolution
		Debug|Any CPU = Debug|Any CPU
		Release|Any CPU = Release|Any CPU
	EndGlobalSection
	GlobalSection(ProjectConfigurationPlatforms) = postSolution
		{1D8545EA-DE57-4198-AA0C-C76332175F56}.Debug|Any CPU.ActiveCfg = Debug|Any CPU
		{1D8545EA-DE57-4198-AA0C-C76332175F56}.Debug|Any CPU.Build.0 = Debug|Any CPU
		{1D8545EA-DE57-4198-AA0C-C76332175F56}.Release|Any CPU.ActiveCfg = Release|Any CPU
		{1D8545EA-DE57-4198-AA0C-C76332175F56}.Release|Any CPU.Build.0 = Release|Any CPU
	EndGlobalSection
	GlobalSection(SolutionProperties) = preSolution
		HideSolutionNode = FALSE
	EndGlobalSection
	GlobalSection(ExtensibilityGlobals) = postSolution
		SolutionGuid = {6CC06984-5105-41C8-A967-E9DE33BACA84}
	EndGlobalSection
EndGlobal
