
Microsoft Visual Studio Solution File, Format Version 12.00
# Visual Studio Version 17
VisualStudioVersion = 17.8.34330.188
MinimumVisualStudioVersion = 10.0.40219.1
Project("{FAE04EC0-301F-11D3-BF4B-00C04F79EFBC}") = "WebApplication3", "WebApplication3.csproj", "{BABF6661-B07A-4CC4-877D-33AC2FD44A0C}"
EndProject
Global
	GlobalSection(SolutionConfigurationPlatforms) = preSolution
		Debug|Any CPU = Debug|Any CPU
		Release|Any CPU = Release|Any CPU
	EndGlobalSection
	GlobalSection(ProjectConfigurationPlatforms) = postSolution
		{BABF6661-B07A-4CC4-877D-33AC2FD44A0C}.Debug|Any CPU.ActiveCfg = Debug|Any CPU
		{BABF6661-B07A-4CC4-877D-33AC2FD44A0C}.Debug|Any CPU.Build.0 = Debug|Any CPU
		{BABF6661-B07A-4CC4-877D-33AC2FD44A0C}.Release|Any CPU.ActiveCfg = Release|Any CPU
		{BABF6661-B07A-4CC4-877D-33AC2FD44A0C}.Release|Any CPU.Build.0 = Release|Any CPU
	EndGlobalSection
	GlobalSection(SolutionProperties) = preSolution
		HideSolutionNode = FALSE
	EndGlobalSection
	GlobalSection(ExtensibilityGlobals) = postSolution
		SolutionGuid = {C7B0CAEA-6EBA-497F-A0A3-D6DD879F1D9E}
	EndGlobalSection
EndGlobal
